
Microsoft Visual Studio Solution File, Format Version 12.00
# Visual Studio 15
VisualStudioVersion = 15.0.27428.2037
MinimumVisualStudioVersion = 10.0.40219.1
Project("{FAE04EC0-301F-11D3-BF4B-00C04F79EFBC}") = "PeperonieBot", "PeperonieBot.csproj", "{A7713873-2205-488C-A6C5-44864D83254E}"
EndProject
Global
	GlobalSection(SolutionConfigurationPlatforms) = preSolution
		Debug|Any CPU = Debug|Any CPU
		Release|Any CPU = Release|Any CPU
	EndGlobalSection
	GlobalSection(ProjectConfigurationPlatforms) = postSolution
		{A7713873-2205-488C-A6C5-44864D83254E}.Debug|Any CPU.ActiveCfg = Debug|Any CPU
		{A7713873-2205-488C-A6C5-44864D83254E}.Debug|Any CPU.Build.0 = Debug|Any CPU
		{A7713873-2205-488C-A6C5-44864D83254E}.Release|Any CPU.ActiveCfg = Release|Any CPU
		{A7713873-2205-488C-A6C5-44864D83254E}.Release|Any CPU.Build.0 = Release|Any CPU
	EndGlobalSection
	GlobalSection(SolutionProperties) = preSolution
		HideSolutionNode = FALSE
	EndGlobalSection
	GlobalSection(ExtensibilityGlobals) = postSolution
		SolutionGuid = {57E80208-7528-4EDA-9224-E0C8F496F50A}
	EndGlobalSection
EndGlobal
